{
  "name": "csv-suite",
  "version": "1.0.1",
  "lockfileVersion": 3,
  "requires": true,
  "packages": {
    "": {
      "name": "csv-suite",
      "version": "1.0.1",
      "license": "MIT",
      "dependencies": {
        "csv-alidator": "^1.0.8",
        "csv-except": "^1.0.1",
        "csv-queryable": "^1.0.4"
      }
    },
    "node_modules/csv-alidator": {
      "version": "1.0.8",
      "resolved": "https://registry.npmjs.org/csv-alidator/-/csv-alidator-1.0.8.tgz",
      "integrity": "sha512-qCBPJqwVYsakLJSSvoJPjT7gadL92df+Vn/E1Y4slt5o/759Y6I0wrGBEc0e6PLOykzMZbMiZG8yH0GJK1r9RQ=="
    },
    "node_modules/csv-except": {
      "version": "1.0.1",
      "resolved": "https://registry.npmjs.org/csv-except/-/csv-except-1.0.1.tgz",
      "integrity": "sha512-ZG7FvlvkdyA7u1ISZ8mG6OeNzKHwikfFq+ywTQ8A7vR/yc3x2+EzQT/JGxOXjSGY8Id97e04lRJLg2r/pmgKbA=="
    },
    "node_modules/csv-queryable": {
      "version": "1.0.4",
      "resolved": "https://registry.npmjs.org/csv-queryable/-/csv-queryable-1.0.4.tgz",
      "integrity": "sha512-mQEi4urgE4sTgfCBXgj87fFGIuTbGRWDRDusvhf1CxuSjJKNBfDw+s3sKPyyyKmfOnyYHNjlgzjcwwt+BcIGVg=="
    }
  }
}
